// !$*UTF8*$!
{
	archiveVersion = 1;
	classes = {
	};
	objectVersion = 50;
	objects = {

/* Begin PBXBuildFile section */
		7263EEFE22A4DBAD00D34FC7 /* CategoryModel.swift in Sources */ = {isa = PBXBuildFile; fileRef = 7263EEFD22A4DBAD00D34FC7 /* CategoryModel.swift */; };
		7263EF0122A4DE7300D34FC7 /* DataService.swift in Sources */ = {isa = PBXBuildFile; fileRef = 7263EF0022A4DE7300D34FC7 /* DataService.swift */; };
		7263EF0522A4FEC100D34FC7 /* ProductCollectionViewCell.swift in Sources */ = {isa = PBXBuildFile; fileRef = 7263EF0422A4FEC100D34FC7 /* ProductCollectionViewCell.swift */; };
		7263EF0722A4FEE800D34FC7 /* ProductVC.swift in Sources */ = {isa = PBXBuildFile; fileRef = 7263EF0622A4FEE800D34FC7 /* ProductVC.swift */; };
		7263EF0922A4FFE500D34FC7 /* ProductModel.swift in Sources */ = {isa = PBXBuildFile; fileRef = 7263EF0822A4FFE500D34FC7 /* ProductModel.swift */; };
		72F7C5F722A4C594000466D2 /* AppDelegate.swift in Sources */ = {isa = PBXBuildFile; fileRef = 72F7C5F622A4C594000466D2 /* AppDelegate.swift */; };
		72F7C5F922A4C594000466D2 /* CategoriesVC.swift in Sources */ = {isa = PBXBuildFile; fileRef = 72F7C5F822A4C594000466D2 /* CategoriesVC.swift */; };
		72F7C5FC22A4C594000466D2 /* Main.storyboard in Resources */ = {isa = PBXBuildFile; fileRef = 72F7C5FA22A4C594000466D2 /* Main.storyboard */; };
		72F7C5FE22A4C598000466D2 /* Assets.xcassets in Resources */ = {isa = PBXBuildFile; fileRef = 72F7C5FD22A4C598000466D2 /* Assets.xcassets */; };
		72F7C60122A4C598000466D2 /* LaunchScreen.storyboard in Resources */ = {isa = PBXBuildFile; fileRef = 72F7C5FF22A4C598000466D2 /* LaunchScreen.storyboard */; };
		72F7C60E22A4D267000466D2 /* CategoryTableViewCell.swift in Sources */ = {isa = PBXBuildFile; fileRef = 72F7C60D22A4D267000466D2 /* CategoryTableViewCell.swift */; };
		72F7C61022A4D2C3000466D2 /* constants.swift in Sources */ = {isa = PBXBuildFile; fileRef = 72F7C60F22A4D2C3000466D2 /* constants.swift */; };
/* End PBXBuildFile section */

/* Begin PBXFileReference section */
		7263EEFD22A4DBAD00D34FC7 /* CategoryModel.swift */ = {isa = PBXFileReference; lastKnownFileType = sourcecode.swift; path = CategoryModel.swift; sourceTree = "<group>"; };
		7263EF0022A4DE7300D34FC7 /* DataService.swift */ = {isa = PBXFileReference; lastKnownFileType = sourcecode.swift; path = DataService.swift; sourceTree = "<group>"; };
		7263EF0422A4FEC100D34FC7 /* ProductCollectionViewCell.swift */ = {isa = PBXFileReference; lastKnownFileType = sourcecode.swift; path = ProductCollectionViewCell.swift; sourceTree = "<group>"; };
		7263EF0622A4FEE800D34FC7 /* ProductVC.swift */ = {isa = PBXFileReference; lastKnownFileType = sourcecode.swift; path = ProductVC.swift; sourceTree = "<group>"; };
		7263EF0822A4FFE500D34FC7 /* ProductModel.swift */ = {isa = PBXFileReference; lastKnownFileType = sourcecode.swift; path = ProductModel.swift; sourceTree = "<group>"; };
		72F7C5F322A4C594000466D2 /* Shop Now !.app */ = {isa = PBXFileReference; explicitFileType = wrapper.application; includeInIndex = 0; path = "Shop Now !.app"; sourceTree = BUILT_PRODUCTS_DIR; };
		72F7C5F622A4C594000466D2 /* AppDelegate.swift */ = {isa = PBXFileReference; lastKnownFileType = sourcecode.swift; path = AppDelegate.swift; sourceTree = "<group>"; };
		72F7C5F822A4C594000466D2 /* CategoriesVC.swift */ = {isa = PBXFileReference; lastKnownFileType = sourcecode.swift; path = CategoriesVC.swift; sourceTree = "<group>"; };
		72F7C5FB22A4C594000466D2 /* Base */ = {isa = PBXFileReference; lastKnownFileType = file.storyboard; name = Base; path = Base.lproj/Main.storyboard; sourceTree = "<group>"; };
		72F7C5FD22A4C598000466D2 /* Assets.xcassets */ = {isa = PBXFileReference; lastKnownFileType = folder.assetcatalog; path = Assets.xcassets; sourceTree = "<group>"; };
		72F7C60022A4C598000466D2 /* Base */ = {isa = PBXFileReference; lastKnownFileType = file.storyboard; name = Base; path = Base.lproj/LaunchScreen.storyboard; sourceTree = "<group>"; };
		72F7C60222A4C598000466D2 /* Info.plist */ = {isa = PBXFileReference; lastKnownFileType = text.plist.xml; path = Info.plist; sourceTree = "<group>"; };
		72F7C60D22A4D267000466D2 /* CategoryTableViewCell.swift */ = {isa = PBXFileReference; lastKnownFileType = sourcecode.swift; path = CategoryTableViewCell.swift; sourceTree = "<group>"; };
		72F7C60F22A4D2C3000466D2 /* constants.swift */ = {isa = PBXFileReference; lastKnownFileType = sourcecode.swift; path = constants.swift; sourceTree = "<group>"; };
/* End PBXFileReference section */

/* Begin PBXFrameworksBuildPhase section */
		72F7C5F022A4C594000466D2 /* Frameworks */ = {
			isa = PBXFrameworksBuildPhase;
			buildActionMask = 2147483647;
			files = (
			);
			runOnlyForDeploymentPostprocessing = 0;
		};
/* End PBXFrameworksBuildPhase section */

/* Begin PBXGroup section */
		7263EEFF22A4DE3F00D34FC7 /* Services */ = {
			isa = PBXGroup;
			children = (
				7263EF0022A4DE7300D34FC7 /* DataService.swift */,
			);
			path = Services;
			sourceTree = "<group>";
		};
		72F7C5EA22A4C594000466D2 = {
			isa = PBXGroup;
			children = (
				72F7C5F522A4C594000466D2 /* Shop Now ! */,
				72F7C5F422A4C594000466D2 /* Products */,
			);
			sourceTree = "<group>";
		};
		72F7C5F422A4C594000466D2 /* Products */ = {
			isa = PBXGroup;
			children = (
				72F7C5F322A4C594000466D2 /* Shop Now !.app */,
			);
			name = Products;
			sourceTree = "<group>";
		};
		72F7C5F522A4C594000466D2 /* Shop Now ! */ = {
			isa = PBXGroup;
			children = (
				7263EEFF22A4DE3F00D34FC7 /* Services */,
				72F7C60A22A4D1E8000466D2 /* Controller */,
				72F7C60922A4D1E1000466D2 /* View */,
				72F7C60822A4D1DC000466D2 /* Model */,
				72F7C5F622A4C594000466D2 /* AppDelegate.swift */,
				72F7C5FA22A4C594000466D2 /* Main.storyboard */,
				72F7C5FD22A4C598000466D2 /* Assets.xcassets */,
				72F7C5FF22A4C598000466D2 /* LaunchScreen.storyboard */,
				72F7C60222A4C598000466D2 /* Info.plist */,
				72F7C60F22A4D2C3000466D2 /* constants.swift */,
			);
			path = "Shop Now !";
			sourceTree = "<group>";
		};
		72F7C60822A4D1DC000466D2 /* Model */ = {
			isa = PBXGroup;
			children = (
				7263EEFD22A4DBAD00D34FC7 /* CategoryModel.swift */,
				7263EF0822A4FFE500D34FC7 /* ProductModel.swift */,
			);
			path = Model;
			sourceTree = "<group>";
		};
		72F7C60922A4D1E1000466D2 /* View */ = {
			isa = PBXGroup;
			children = (
				72F7C60D22A4D267000466D2 /* CategoryTableViewCell.swift */,
				7263EF0422A4FEC100D34FC7 /* ProductCollectionViewCell.swift */,
			);
			path = View;
			sourceTree = "<group>";
		};
		72F7C60A22A4D1E8000466D2 /* Controller */ = {
			isa = PBXGroup;
			children = (
				72F7C5F822A4C594000466D2 /* CategoriesVC.swift */,
				7263EF0622A4FEE800D34FC7 /* ProductVC.swift */,
			);
			path = Controller;
			sourceTree = "<group>";
		};
/* End PBXGroup section */

/* Begin PBXNativeTarget section */
		72F7C5F222A4C594000466D2 /* Shop Now ! */ = {
			isa = PBXNativeTarget;
			buildConfigurationList = 72F7C60522A4C598000466D2 /* Build configuration list for PBXNativeTarget "Shop Now !" */;
			buildPhases = (
				72F7C5EF22A4C594000466D2 /* Sources */,
				72F7C5F022A4C594000466D2 /* Frameworks */,
				72F7C5F122A4C594000466D2 /* Resources */,
			);
			buildRules = (
			);
			dependencies = (
			);
			name = "Shop Now !";
			productName = "Shop Now !";
			productReference = 72F7C5F322A4C594000466D2 /* Shop Now !.app */;
			productType = "com.apple.product-type.application";
		};
/* End PBXNativeTarget section */

/* Begin PBXProject section */
		72F7C5EB22A4C594000466D2 /* Project object */ = {
			isa = PBXProject;
			attributes = {
				LastSwiftUpdateCheck = 1000;
				LastUpgradeCheck = 1000;
				ORGANIZATIONNAME = AsMaa;
				TargetAttributes = {
					72F7C5F222A4C594000466D2 = {
						CreatedOnToolsVersion = 10.0;
					};
				};
			};
			buildConfigurationList = 72F7C5EE22A4C594000466D2 /* Build configuration list for PBXProject "Shop Now !" */;
			compatibilityVersion = "Xcode 9.3";
			developmentRegion = en;
			hasScannedForEncodings = 0;
			knownRegions = (
				en,
				Base,
			);
			mainGroup = 72F7C5EA22A4C594000466D2;
			productRefGroup = 72F7C5F422A4C594000466D2 /* Products */;
			projectDirPath = "";
			projectRoot = "";
			targets = (
				72F7C5F222A4C594000466D2 /* Shop Now ! */,
			);
		};
/* End PBXProject section */

/* Begin PBXResourcesBuildPhase section */
		72F7C5F122A4C594000466D2 /* Resources */ = {
			isa = PBXResourcesBuildPhase;
			buildActionMask = 2147483647;
			files = (
				72F7C60122A4C598000466D2 /* LaunchScreen.storyboard in Resources */,
				72F7C5FE22A4C598000466D2 /* Assets.xcassets in Resources */,
				72F7C5FC22A4C594000466D2 /* Main.storyboard in Resources */,
			);
			runOnlyForDeploymentPostprocessing = 0;
		};
/* End PBXResourcesBuildPhase section */

/* Begin PBXSourcesBuildPhase section */
		72F7C5EF22A4C594000466D2 /* Sources */ = {
			isa = PBXSourcesBuildPhase;
			buildActionMask = 2147483647;
			files = (
				72F7C5F922A4C594000466D2 /* CategoriesVC.swift in Sources */,
				72F7C61022A4D2C3000466D2 /* constants.swift in Sources */,
				7263EF0522A4FEC100D34FC7 /* ProductCollectionViewCell.swift in Sources */,
				72F7C5F722A4C594000466D2 /* AppDelegate.swift in Sources */,
				7263EF0922A4FFE500D34FC7 /* ProductModel.swift in Sources */,
				7263EF0722A4FEE800D34FC7 /* ProductVC.swift in Sources */,
				7263EF0122A4DE7300D34FC7 /* DataService.swift in Sources */,
				7263EEFE22A4DBAD00D34FC7 /* CategoryModel.swift in Sources */,
				72F7C60E22A4D267000466D2 /* CategoryTableViewCell.swift in Sources */,
			);
			runOnlyForDeploymentPostprocessing = 0;
		};
/* End PBXSourcesBuildPhase section */

/* Begin PBXVariantGroup section */
		72F7C5FA22A4C594000466D2 /* Main.storyboard */ = {
			isa = PBXVariantGroup;
			children = (
				72F7C5FB22A4C594000466D2 /* Base */,
			);
			name = Main.storyboard;
			sourceTree = "<group>";
		};
		72F7C5FF22A4C598000466D2 /* LaunchScreen.storyboard */ = {
			isa = PBXVariantGroup;
			children = (
				72F7C60022A4C598000466D2 /* Base */,
			);
			name = LaunchScreen.storyboard;
			sourceTree = "<group>";
		};
/* End PBXVariantGroup section */

/* Begin XCBuildConfiguration section */
		72F7C60322A4C598000466D2 /* Debug */ = {
			isa = XCBuildConfiguration;
			buildSettings = {
				ALWAYS_SEARCH_USER_PATHS = NO;
				CLANG_ANALYZER_NONNULL = YES;
				CLANG_ANALYZER_NUMBER_OBJECT_CONVERSION = YES_AGGRESSIVE;
				CLANG_CXX_LANGUAGE_STANDARD = "gnu++14";
				CLANG_CXX_LIBRARY = "libc++";
				CLANG_ENABLE_MODULES = YES;
				CLANG_ENABLE_OBJC_ARC = YES;
				CLANG_ENABLE_OBJC_WEAK = YES;
				CLANG_WARN_BLOCK_CAPTURE_AUTORELEASING = YES;
				CLANG_WARN_BOOL_CONVERSION = YES;
				CLANG_WARN_COMMA = YES;
				CLANG_WARN_CONSTANT_CONVERSION = YES;
				CLANG_WARN_DEPRECATED_OBJC_IMPLEMENTATIONS = YES;
				CLANG_WARN_DIRECT_OBJC_ISA_USAGE = YES_ERROR;
				CLANG_WARN_DOCUMENTATION_COMMENTS = YES;
				CLANG_WARN_EMPTY_BODY = YES;
				CLANG_WARN_ENUM_CONVERSION = YES;
				CLANG_WARN_INFINITE_RECURSION = YES;
				CLANG_WARN_INT_CONVERSION = YES;
				CLANG_WARN_NON_LITERAL_NULL_CONVERSION = YES;
				CLANG_WARN_OBJC_IMPLICIT_RETAIN_SELF = YES;
				CLANG_WARN_OBJC_LITERAL_CONVERSION = YES;
				CLANG_WARN_OBJC_ROOT_CLASS = YES_ERROR;
				CLANG_WARN_RANGE_LOOP_ANALYSIS = YES;
				CLANG_WARN_STRICT_PROTOTYPES = YES;
				CLANG_WARN_SUSPICIOUS_MOVE = YES;
				CLANG_WARN_UNGUARDED_AVAILABILITY = YES_AGGRESSIVE;
				CLANG_WARN_UNREACHABLE_CODE = YES;
				CLANG_WARN__DUPLICATE_METHOD_MATCH = YES;
				CODE_SIGN_IDENTITY = "iPhone Developer";
				COPY_PHASE_STRIP = NO;
				DEBUG_INFORMATION_FORMAT = dwarf;
				ENABLE_STRICT_OBJC_MSGSEND = YES;
				ENABLE_TESTABILITY = YES;
				GCC_C_LANGUAGE_STANDARD = gnu11;
				GCC_DYNAMIC_NO_PIC = NO;
				GCC_NO_COMMON_BLOCKS = YES;
				GCC_OPTIMIZATION_LEVEL = 0;
				GCC_PREPROCESSOR_DEFINITIONS = (
					"DEBUG=1",
					"$(inherited)",
				);
				GCC_WARN_64_TO_32_BIT_CONVERSION = YES;
				GCC_WARN_ABOUT_RETURN_TYPE = YES_ERROR;
				GCC_WARN_UNDECLARED_SELECTOR = YES;
				GCC_WARN_UNINITIALIZED_AUTOS = YES_AGGRESSIVE;
				GCC_WARN_UNUSED_FUNCTION = YES;
				GCC_WARN_UNUSED_VARIABLE = YES;
				IPHONEOS_DEPLOYMENT_TARGET = 12.0;
				MTL_ENABLE_DEBUG_INFO = INCLUDE_SOURCE;
				MTL_FAST_MATH = YES;
				ONLY_ACTIVE_ARCH = YES;
				SDKROOT = iphoneos;
				SWIFT_ACTIVE_COMPILATION_CONDITIONS = DEBUG;
				SWIFT_OPTIMIZATION_LEVEL = "-Onone";
			};
			name = Debug;
		};
		72F7C60422A4C598000466D2 /* Release */ = {
			isa = XCBuildConfiguration;
			buildSettings = {
				ALWAYS_SEARCH_USER_PATHS = NO;
				CLANG_ANALYZER_NONNULL = YES;
				CLANG_ANALYZER_NUMBER_OBJECT_CONVERSION = YES_AGGRESSIVE;
				CLANG_CXX_LANGUAGE_STANDARD = "gnu++14";
				CLANG_CXX_LIBRARY = "libc++";
				CLANG_ENABLE_MODULES = YES;
				CLANG_ENABLE_OBJC_ARC = YES;
				CLANG_ENABLE_OBJC_WEAK = YES;
				CLANG_WARN_BLOCK_CAPTURE_AUTORELEASING = YES;
				CLANG_WARN_BOOL_CONVERSION = YES;
				CLANG_WARN_COMMA = YES;
				CLANG_WARN_CONSTANT_CONVERSION = YES;
				CLANG_WARN_DEPRECATED_OBJC_IMPLEMENTATIONS = YES;
				CLANG_WARN_DIRECT_OBJC_ISA_USAGE = YES_ERROR;
				CLANG_WARN_DOCUMENTATION_COMMENTS = YES;
				CLANG_WARN_EMPTY_BODY = YES;
				CLANG_WARN_ENUM_CONVERSION = YES;
				CLANG_WARN_INFINITE_RECURSION = YES;
				CLANG_WARN_INT_CONVERSION = YES;
				CLANG_WARN_NON_LITERAL_NULL_CONVERSION = YES;
				CLANG_WARN_OBJC_IMPLICIT_RETAIN_SELF = YES;
				CLANG_WARN_OBJC_LITERAL_CONVERSION = YES;
				CLANG_WARN_OBJC_ROOT_CLASS = YES_ERROR;
				CLANG_WARN_RANGE_LOOP_ANALYSIS = YES;
				CLANG_WARN_STRICT_PROTOTYPES = YES;
				CLANG_WARN_SUSPICIOUS_MOVE = YES;
				CLANG_WARN_UNGUARDED_AVAILABILITY = YES_AGGRESSIVE;
				CLANG_WARN_UNREACHABLE_CODE = YES;
				CLANG_WARN__DUPLICATE_METHOD_MATCH = YES;
				CODE_SIGN_IDENTITY = "iPhone Developer";
				COPY_PHASE_STRIP = NO;
				DEBUG_INFORMATION_FORMAT = "dwarf-with-dsym";
				ENABLE_NS_ASSERTIONS = NO;
				ENABLE_STRICT_OBJC_MSGSEND = YES;
				GCC_C_LANGUAGE_STANDARD = gnu11;
				GCC_NO_COMMON_BLOCKS = YES;
				GCC_WARN_64_TO_32_BIT_CONVERSION = YES;
				GCC_WARN_ABOUT_RETURN_TYPE = YES_ERROR;
				GCC_WARN_UNDECLARED_SELECTOR = YES;
				GCC_WARN_UNINITIALIZED_AUTOS = YES_AGGRESSIVE;
				GCC_WARN_UNUSED_FUNCTION = YES;
				GCC_WARN_UNUSED_VARIABLE = YES;
				IPHONEOS_DEPLOYMENT_TARGET = 12.0;
				MTL_ENABLE_DEBUG_INFO = NO;
				MTL_FAST_MATH = YES;
				SDKROOT = iphoneos;
				SWIFT_COMPILATION_MODE = wholemodule;
				SWIFT_OPTIMIZATION_LEVEL = "-O";
				VALIDATE_PRODUCT = YES;
			};
			name = Release;
		};
		72F7C60622A4C598000466D2 /* Debug */ = {
			isa = XCBuildConfiguration;
			buildSettings = {
				ASSETCATALOG_COMPILER_APPICON_NAME = AppIcon;
				CODE_SIGN_STYLE = Automatic;
				DEVELOPMENT_TEAM = QVCZFS2TP2;
				INFOPLIST_FILE = "Shop Now !/Info.plist";
				LD_RUNPATH_SEARCH_PATHS = (
					"$(inherited)",
					"@executable_path/Frameworks",
				);
				PRODUCT_BUNDLE_IDENTIFIER = "a.Shop-Now--";
				PRODUCT_NAME = "$(TARGET_NAME)";
				SWIFT_VERSION = 4.2;
				TARGETED_DEVICE_FAMILY = "1,2";
			};
			name = Debug;
		};
		72F7C60722A4C598000466D2 /* Release */ = {
			isa = XCBuildConfiguration;
			buildSettings = {
				ASSETCATALOG_COMPILER_APPICON_NAME = AppIcon;
				CODE_SIGN_STYLE = Automatic;
				DEVELOPMENT_TEAM = QVCZFS2TP2;
				INFOPLIST_FILE = "Shop Now !/Info.plist";
				LD_RUNPATH_SEARCH_PATHS = (
					"$(inherited)",
					"@executable_path/Frameworks",
				);
				PRODUCT_BUNDLE_IDENTIFIER = "a.Shop-Now--";
				PRODUCT_NAME = "$(TARGET_NAME)";
				SWIFT_VERSION = 4.2;
				TARGETED_DEVICE_FAMILY = "1,2";
			};
			name = Release;
		};
/* End XCBuildConfiguration section */

/* Begin XCConfigurationList section */
		72F7C5EE22A4C594000466D2 /* Build configuration list for PBXProject "Shop Now !" */ = {
			isa = XCConfigurationList;
			buildConfigurations = (
				72F7C60322A4C598000466D2 /* Debug */,
				72F7C60422A4C598000466D2 /* Release */,
			);
			defaultConfigurationIsVisible = 0;
			defaultConfigurationName = Release;
		};
		72F7C60522A4C598000466D2 /* Build configuration list for PBXNativeTarget "Shop Now !" */ = {
			isa = XCConfigurationList;
			buildConfigurations = (
				72F7C60622A4C598000466D2 /* Debug */,
				72F7C60722A4C598000466D2 /* Release */,
			);
			defaultConfigurationIsVisible = 0;
			defaultConfigurationName = Release;
		};
/* End XCConfigurationList section */
	};
	rootObject = 72F7C5EB22A4C594000466D2 /* Project object */;
}
